
Microsoft Visual Studio Solution File, Format Version 12.00
# Visual Studio Version 17
VisualStudioVersion = 17.8.34212.112
MinimumVisualStudioVersion = 10.0.40219.1
Project("{9A19103F-16F7-4668-BE54-9A1E7A4F7556}") = "PugSharp", "PugSharp\PugSharp.csproj", "{66F8D8D6-163D-47A5-B228-C35E93BA8752}"
EndProject
Project("{9A19103F-16F7-4668-BE54-9A1E7A4F7556}") = "PugSharp.Match", "PugSharp.Match\PugSharp.Match.csproj", "{FC9B05E6-0A45-4B17-986D-3A6214073BBD}"
EndProject
Project("{9A19103F-16F7-4668-BE54-9A1E7A4F7556}") = "PugSharp.Match.Contract", "PugSharp.Match.Contract\PugSharp.Match.Contract.csproj", "{08EFFD57-94C0-4458-A048-A0A777A38029}"
EndProject
Project("{9A19103F-16F7-4668-BE54-9A1E7A4F7556}") = "PugSharp.Config", "PugSharp.Config\PugSharp.Config.csproj", "{49A6E80A-EECA-4858-8EB3-1CD342149944}"
EndProject
Project("{9A19103F-16F7-4668-BE54-9A1E7A4F7556}") = "PugSharp.Match.Tests", "PugSharp.Match.Tests\PugSharp.Match.Tests.csproj", "{C124CD7A-AEA7-4679-8A6E-E82FF4256969}"
EndProject
Project("{9A19103F-16F7-4668-BE54-9A1E7A4F7556}") = "PugSharp.Logging", "PugSharp.Logging\PugSharp.Logging.csproj", "{1D42D630-EA6B-4C6D-8841-D095AE951430}"
EndProject
Project("{2150E333-8FDC-42A3-9474-1A3956D46DE8}") = "Solution Items", "Solution Items", "{B039A9AD-1F69-4482-95D9-5FBC18DF987C}"
	ProjectSection(SolutionItems) = preProject
		.editorconfig = .editorconfig
		.gitignore = .gitignore
		Directory.Build.props = Directory.Build.props
		README.md = README.md
	EndProjectSection
EndProject
Project("{9A19103F-16F7-4668-BE54-9A1E7A4F7556}") = "PugSharp.ApiStats", "PugSharp.ApiStats\PugSharp.ApiStats.csproj", "{526B2B39-FD72-41E0-8831-965FF37AC236}"
EndProject
Project("{9A19103F-16F7-4668-BE54-9A1E7A4F7556}") = "PugSharp.Api.G5Api", "PugSharp.Api.G5Api\PugSharp.Api.G5Api.csproj", "{8C629D93-2050-4F31-8604-C16533BF726E}"
EndProject
Project("{9A19103F-16F7-4668-BE54-9A1E7A4F7556}") = "PugSharp.Api.Contract", "PugSharp.Api.Contract\PugSharp.Api.Contract.csproj", "{3128A314-F59A-44A1-8A6C-5B042159A441}"
EndProject
Project("{9A19103F-16F7-4668-BE54-9A1E7A4F7556}") = "PugSharp.Server.Contract", "PugSharp.Server.Contract\PugSharp.Server.Contract.csproj", "{20179A63-B86A-436A-9D8D-93B17EDEE6F9}"
EndProject
Project("{9A19103F-16F7-4668-BE54-9A1E7A4F7556}") = "PugSharp.Api.Json", "PugSharp.Api.Json\PugSharp.Api.Json.csproj", "{85B467F1-65B1-4332-8935-1AC5FFFD927E}"
EndProject
Project("{9A19103F-16F7-4668-BE54-9A1E7A4F7556}") = "PugSharp.DebugDummy", "PugSharp.DebugDummy\PugSharp.DebugDummy.csproj", "{572B6279-3307-4D11-A834-1D598CA2C21C}"
EndProject
Project("{9A19103F-16F7-4668-BE54-9A1E7A4F7556}") = "PugSharp.Translation", "PugSharp.Translation\PugSharp.Translation.csproj", "{E70DA922-7DCA-4586-9676-B76E5CFA588C}"
EndProject
Project("{9A19103F-16F7-4668-BE54-9A1E7A4F7556}") = "PugSharp.Shared", "PugSharp.Shared\PugSharp.Shared.csproj", "{4A212EEC-6CED-4A28-A1FE-2E543AD105A3}"
EndProject
Global
	GlobalSection(SolutionConfigurationPlatforms) = preSolution
		Debug|Any CPU = Debug|Any CPU
		Release|Any CPU = Release|Any CPU
	EndGlobalSection
	GlobalSection(ProjectConfigurationPlatforms) = postSolution
		{66F8D8D6-163D-47A5-B228-C35E93BA8752}.Debug|Any CPU.ActiveCfg = Debug|Any CPU
		{66F8D8D6-163D-47A5-B228-C35E93BA8752}.Debug|Any CPU.Build.0 = Debug|Any CPU
		{66F8D8D6-163D-47A5-B228-C35E93BA8752}.Release|Any CPU.ActiveCfg = Release|Any CPU
		{66F8D8D6-163D-47A5-B228-C35E93BA8752}.Release|Any CPU.Build.0 = Release|Any CPU
		{FC9B05E6-0A45-4B17-986D-3A6214073BBD}.Debug|Any CPU.ActiveCfg = Debug|Any CPU
		{FC9B05E6-0A45-4B17-986D-3A6214073BBD}.Debug|Any CPU.Build.0 = Debug|Any CPU
		{FC9B05E6-0A45-4B17-986D-3A6214073BBD}.Release|Any CPU.ActiveCfg = Release|Any CPU
		{FC9B05E6-0A45-4B17-986D-3A6214073BBD}.Release|Any CPU.Build.0 = Release|Any CPU
		{08EFFD57-94C0-4458-A048-A0A777A38029}.Debug|Any CPU.ActiveCfg = Debug|Any CPU
		{08EFFD57-94C0-4458-A048-A0A777A38029}.Debug|Any CPU.Build.0 = Debug|Any CPU
		{08EFFD57-94C0-4458-A048-A0A777A38029}.Release|Any CPU.ActiveCfg = Release|Any CPU
		{08EFFD57-94C0-4458-A048-A0A777A38029}.Release|Any CPU.Build.0 = Release|Any CPU
		{49A6E80A-EECA-4858-8EB3-1CD342149944}.Debug|Any CPU.ActiveCfg = Debug|Any CPU
		{49A6E80A-EECA-4858-8EB3-1CD342149944}.Debug|Any CPU.Build.0 = Debug|Any CPU
		{49A6E80A-EECA-4858-8EB3-1CD342149944}.Release|Any CPU.ActiveCfg = Release|Any CPU
		{49A6E80A-EECA-4858-8EB3-1CD342149944}.Release|Any CPU.Build.0 = Release|Any CPU
		{C124CD7A-AEA7-4679-8A6E-E82FF4256969}.Debug|Any CPU.ActiveCfg = Debug|Any CPU
		{C124CD7A-AEA7-4679-8A6E-E82FF4256969}.Debug|Any CPU.Build.0 = Debug|Any CPU
		{C124CD7A-AEA7-4679-8A6E-E82FF4256969}.Release|Any CPU.ActiveCfg = Release|Any CPU
		{C124CD7A-AEA7-4679-8A6E-E82FF4256969}.Release|Any CPU.Build.0 = Release|Any CPU
		{1D42D630-EA6B-4C6D-8841-D095AE951430}.Debug|Any CPU.ActiveCfg = Debug|Any CPU
		{1D42D630-EA6B-4C6D-8841-D095AE951430}.Debug|Any CPU.Build.0 = Debug|Any CPU
		{1D42D630-EA6B-4C6D-8841-D095AE951430}.Release|Any CPU.ActiveCfg = Release|Any CPU
		{1D42D630-EA6B-4C6D-8841-D095AE951430}.Release|Any CPU.Build.0 = Release|Any CPU
		{526B2B39-FD72-41E0-8831-965FF37AC236}.Debug|Any CPU.ActiveCfg = Debug|Any CPU
		{526B2B39-FD72-41E0-8831-965FF37AC236}.Debug|Any CPU.Build.0 = Debug|Any CPU
		{526B2B39-FD72-41E0-8831-965FF37AC236}.Release|Any CPU.ActiveCfg = Release|Any CPU
		{526B2B39-FD72-41E0-8831-965FF37AC236}.Release|Any CPU.Build.0 = Release|Any CPU
		{8C629D93-2050-4F31-8604-C16533BF726E}.Debug|Any CPU.ActiveCfg = Debug|Any CPU
		{8C629D93-2050-4F31-8604-C16533BF726E}.Debug|Any CPU.Build.0 = Debug|Any CPU
		{8C629D93-2050-4F31-8604-C16533BF726E}.Release|Any CPU.ActiveCfg = Release|Any CPU
		{8C629D93-2050-4F31-8604-C16533BF726E}.Release|Any CPU.Build.0 = Release|Any CPU
		{3128A314-F59A-44A1-8A6C-5B042159A441}.Debug|Any CPU.ActiveCfg = Debug|Any CPU
		{3128A314-F59A-44A1-8A6C-5B042159A441}.Debug|Any CPU.Build.0 = Debug|Any CPU
		{3128A314-F59A-44A1-8A6C-5B042159A441}.Release|Any CPU.ActiveCfg = Release|Any CPU
		{3128A314-F59A-44A1-8A6C-5B042159A441}.Release|Any CPU.Build.0 = Release|Any CPU
		{20179A63-B86A-436A-9D8D-93B17EDEE6F9}.Debug|Any CPU.ActiveCfg = Debug|Any CPU
		{20179A63-B86A-436A-9D8D-93B17EDEE6F9}.Debug|Any CPU.Build.0 = Debug|Any CPU
		{20179A63-B86A-436A-9D8D-93B17EDEE6F9}.Release|Any CPU.ActiveCfg = Release|Any CPU
		{20179A63-B86A-436A-9D8D-93B17EDEE6F9}.Release|Any CPU.Build.0 = Release|Any CPU
		{85B467F1-65B1-4332-8935-1AC5FFFD927E}.Debug|Any CPU.ActiveCfg = Debug|Any CPU
		{85B467F1-65B1-4332-8935-1AC5FFFD927E}.Debug|Any CPU.Build.0 = Debug|Any CPU
		{85B467F1-65B1-4332-8935-1AC5FFFD927E}.Release|Any CPU.ActiveCfg = Release|Any CPU
		{85B467F1-65B1-4332-8935-1AC5FFFD927E}.Release|Any CPU.Build.0 = Release|Any CPU
		{572B6279-3307-4D11-A834-1D598CA2C21C}.Debug|Any CPU.ActiveCfg = Debug|Any CPU
		{572B6279-3307-4D11-A834-1D598CA2C21C}.Debug|Any CPU.Build.0 = Debug|Any CPU
		{572B6279-3307-4D11-A834-1D598CA2C21C}.Release|Any CPU.ActiveCfg = Release|Any CPU
		{572B6279-3307-4D11-A834-1D598CA2C21C}.Release|Any CPU.Build.0 = Release|Any CPU
		{E70DA922-7DCA-4586-9676-B76E5CFA588C}.Debug|Any CPU.ActiveCfg = Debug|Any CPU
		{E70DA922-7DCA-4586-9676-B76E5CFA588C}.Debug|Any CPU.Build.0 = Debug|Any CPU
		{E70DA922-7DCA-4586-9676-B76E5CFA588C}.Release|Any CPU.ActiveCfg = Release|Any CPU
		{E70DA922-7DCA-4586-9676-B76E5CFA588C}.Release|Any CPU.Build.0 = Release|Any CPU
		{4A212EEC-6CED-4A28-A1FE-2E543AD105A3}.Debug|Any CPU.ActiveCfg = Debug|Any CPU
		{4A212EEC-6CED-4A28-A1FE-2E543AD105A3}.Debug|Any CPU.Build.0 = Debug|Any CPU
		{4A212EEC-6CED-4A28-A1FE-2E543AD105A3}.Release|Any CPU.ActiveCfg = Release|Any CPU
		{4A212EEC-6CED-4A28-A1FE-2E543AD105A3}.Release|Any CPU.Build.0 = Release|Any CPU
	EndGlobalSection
	GlobalSection(SolutionProperties) = preSolution
		HideSolutionNode = FALSE
	EndGlobalSection
	GlobalSection(ExtensibilityGlobals) = postSolution
		SolutionGuid = {AD40617F-6B33-45B4-AF4D-1D5D0EA8F958}
	EndGlobalSection
EndGlobal
