
Microsoft Visual Studio Solution File, Format Version 12.00
# Visual Studio Version 17
VisualStudioVersion = 17.8.34212.112
MinimumVisualStudioVersion = 10.0.40219.1
Project("{9A19103F-16F7-4668-BE54-9A1E7A4F7556}") = "SharpTournament", "SharpTournament\SharpTournament.csproj", "{66F8D8D6-163D-47A5-B228-C35E93BA8752}"
EndProject
Project("{9A19103F-16F7-4668-BE54-9A1E7A4F7556}") = "SharpTournament.Match", "SharpTournament.Match\SharpTournament.Match.csproj", "{FC9B05E6-0A45-4B17-986D-3A6214073BBD}"
EndProject
Project("{9A19103F-16F7-4668-BE54-9A1E7A4F7556}") = "SharpTournament.Match.Contract", "SharpTournament.Match.Contract\SharpTournament.Match.Contract.csproj", "{08EFFD57-94C0-4458-A048-A0A777A38029}"
EndProject
Project("{9A19103F-16F7-4668-BE54-9A1E7A4F7556}") = "SharpTournament.Config", "SharpTournament.Config\SharpTournament.Config.csproj", "{49A6E80A-EECA-4858-8EB3-1CD342149944}"
EndProject
Project("{9A19103F-16F7-4668-BE54-9A1E7A4F7556}") = "SharpTournament.Match.Tests", "SharpTournament.Match.Tests\SharpTournament.Match.Tests.csproj", "{C124CD7A-AEA7-4679-8A6E-E82FF4256969}"
EndProject
Global
	GlobalSection(SolutionConfigurationPlatforms) = preSolution
		Debug|Any CPU = Debug|Any CPU
		Release|Any CPU = Release|Any CPU
	EndGlobalSection
	GlobalSection(ProjectConfigurationPlatforms) = postSolution
		{66F8D8D6-163D-47A5-B228-C35E93BA8752}.Debug|Any CPU.ActiveCfg = Debug|Any CPU
		{66F8D8D6-163D-47A5-B228-C35E93BA8752}.Debug|Any CPU.Build.0 = Debug|Any CPU
		{66F8D8D6-163D-47A5-B228-C35E93BA8752}.Release|Any CPU.ActiveCfg = Release|Any CPU
		{66F8D8D6-163D-47A5-B228-C35E93BA8752}.Release|Any CPU.Build.0 = Release|Any CPU
		{FC9B05E6-0A45-4B17-986D-3A6214073BBD}.Debug|Any CPU.ActiveCfg = Debug|Any CPU
		{FC9B05E6-0A45-4B17-986D-3A6214073BBD}.Debug|Any CPU.Build.0 = Debug|Any CPU
		{FC9B05E6-0A45-4B17-986D-3A6214073BBD}.Release|Any CPU.ActiveCfg = Release|Any CPU
		{FC9B05E6-0A45-4B17-986D-3A6214073BBD}.Release|Any CPU.Build.0 = Release|Any CPU
		{08EFFD57-94C0-4458-A048-A0A777A38029}.Debug|Any CPU.ActiveCfg = Debug|Any CPU
		{08EFFD57-94C0-4458-A048-A0A777A38029}.Debug|Any CPU.Build.0 = Debug|Any CPU
		{08EFFD57-94C0-4458-A048-A0A777A38029}.Release|Any CPU.ActiveCfg = Release|Any CPU
		{08EFFD57-94C0-4458-A048-A0A777A38029}.Release|Any CPU.Build.0 = Release|Any CPU
		{49A6E80A-EECA-4858-8EB3-1CD342149944}.Debug|Any CPU.ActiveCfg = Debug|Any CPU
		{49A6E80A-EECA-4858-8EB3-1CD342149944}.Debug|Any CPU.Build.0 = Debug|Any CPU
		{49A6E80A-EECA-4858-8EB3-1CD342149944}.Release|Any CPU.ActiveCfg = Release|Any CPU
		{49A6E80A-EECA-4858-8EB3-1CD342149944}.Release|Any CPU.Build.0 = Release|Any CPU
		{C124CD7A-AEA7-4679-8A6E-E82FF4256969}.Debug|Any CPU.ActiveCfg = Debug|Any CPU
		{C124CD7A-AEA7-4679-8A6E-E82FF4256969}.Debug|Any CPU.Build.0 = Debug|Any CPU
		{C124CD7A-AEA7-4679-8A6E-E82FF4256969}.Release|Any CPU.ActiveCfg = Release|Any CPU
		{C124CD7A-AEA7-4679-8A6E-E82FF4256969}.Release|Any CPU.Build.0 = Release|Any CPU
	EndGlobalSection
	GlobalSection(SolutionProperties) = preSolution
		HideSolutionNode = FALSE
	EndGlobalSection
	GlobalSection(ExtensibilityGlobals) = postSolution
		SolutionGuid = {AD40617F-6B33-45B4-AF4D-1D5D0EA8F958}
	EndGlobalSection
EndGlobal
