
Microsoft Visual Studio Solution File, Format Version 12.00
# Visual Studio Version 17
VisualStudioVersion = 17.8.34212.112
MinimumVisualStudioVersion = 10.0.40219.1
Project("{FAE04EC0-301F-11D3-BF4B-00C04F79EFBC}") = "SharpTournament", "SharpTournament\SharpTournament.csproj", "{66F8D8D6-163D-47A5-B228-C35E93BA8752}"
EndProject
Global
	GlobalSection(SolutionConfigurationPlatforms) = preSolution
		Debug|Any CPU = Debug|Any CPU
		Release|Any CPU = Release|Any CPU
	EndGlobalSection
	GlobalSection(ProjectConfigurationPlatforms) = postSolution
		{66F8D8D6-163D-47A5-B228-C35E93BA8752}.Debug|Any CPU.ActiveCfg = Debug|Any CPU
		{66F8D8D6-163D-47A5-B228-C35E93BA8752}.Debug|Any CPU.Build.0 = Debug|Any CPU
		{66F8D8D6-163D-47A5-B228-C35E93BA8752}.Release|Any CPU.ActiveCfg = Release|Any CPU
		{66F8D8D6-163D-47A5-B228-C35E93BA8752}.Release|Any CPU.Build.0 = Release|Any CPU
	EndGlobalSection
	GlobalSection(SolutionProperties) = preSolution
		HideSolutionNode = FALSE
	EndGlobalSection
	GlobalSection(ExtensibilityGlobals) = postSolution
		SolutionGuid = {AD40617F-6B33-45B4-AF4D-1D5D0EA8F958}
	EndGlobalSection
EndGlobal
